// !$*UTF8*$!
{
	archiveVersion = 1;
	classes = {
	};
	objectVersion = 55;
	objects = {

/* Begin PBXBuildFile section */
		E2D81DC528CD103B00B67406 /* AppDelegate.swift in Sources */ = {isa = PBXBuildFile; fileRef = E2D81DC428CD103B00B67406 /* AppDelegate.swift */; };
		E2D81DC728CD103B00B67406 /* SceneDelegate.swift in Sources */ = {isa = PBXBuildFile; fileRef = E2D81DC628CD103B00B67406 /* SceneDelegate.swift */; };
		E2D81DC928CD103B00B67406 /* ViewController.swift in Sources */ = {isa = PBXBuildFile; fileRef = E2D81DC828CD103B00B67406 /* ViewController.swift */; };
		E2D81DCC28CD103B00B67406 /* Main.storyboard in Resources */ = {isa = PBXBuildFile; fileRef = E2D81DCA28CD103B00B67406 /* Main.storyboard */; };
		E2D81DCE28CD103C00B67406 /* Assets.xcassets in Resources */ = {isa = PBXBuildFile; fileRef = E2D81DCD28CD103C00B67406 /* Assets.xcassets */; };
		E2D81DD128CD103C00B67406 /* LaunchScreen.storyboard in Resources */ = {isa = PBXBuildFile; fileRef = E2D81DCF28CD103C00B67406 /* LaunchScreen.storyboard */; };
		E2D81DDC28CD103C00B67406 /* zzinmunicationTests.swift in Sources */ = {isa = PBXBuildFile; fileRef = E2D81DDB28CD103C00B67406 /* zzinmunicationTests.swift */; };
		E2D81DE628CD103C00B67406 /* zzinmunicationUITests.swift in Sources */ = {isa = PBXBuildFile; fileRef = E2D81DE528CD103C00B67406 /* zzinmunicationUITests.swift */; };
		E2D81DE828CD103C00B67406 /* zzinmunicationUITestsLaunchTests.swift in Sources */ = {isa = PBXBuildFile; fileRef = E2D81DE728CD103C00B67406 /* zzinmunicationUITestsLaunchTests.swift */; };
/* End PBXBuildFile section */

/* Begin PBXContainerItemProxy section */
		E2D81DD828CD103C00B67406 /* PBXContainerItemProxy */ = {
			isa = PBXContainerItemProxy;
			containerPortal = E2D81DB928CD103B00B67406 /* Project object */;
			proxyType = 1;
			remoteGlobalIDString = E2D81DC028CD103B00B67406;
			remoteInfo = zzinmunication;
		};
		E2D81DE228CD103C00B67406 /* PBXContainerItemProxy */ = {
			isa = PBXContainerItemProxy;
			containerPortal = E2D81DB928CD103B00B67406 /* Project object */;
			proxyType = 1;
			remoteGlobalIDString = E2D81DC028CD103B00B67406;
			remoteInfo = zzinmunication;
		};
/* End PBXContainerItemProxy section */

/* Begin PBXFileReference section */
		E2D81DC128CD103B00B67406 /* zzinmunication.app */ = {isa = PBXFileReference; explicitFileType = wrapper.application; includeInIndex = 0; path = zzinmunication.app; sourceTree = BUILT_PRODUCTS_DIR; };
		E2D81DC428CD103B00B67406 /* AppDelegate.swift */ = {isa = PBXFileReference; lastKnownFileType = sourcecode.swift; path = AppDelegate.swift; sourceTree = "<group>"; };
		E2D81DC628CD103B00B67406 /* SceneDelegate.swift */ = {isa = PBXFileReference; lastKnownFileType = sourcecode.swift; path = SceneDelegate.swift; sourceTree = "<group>"; };
		E2D81DC828CD103B00B67406 /* ViewController.swift */ = {isa = PBXFileReference; lastKnownFileType = sourcecode.swift; path = ViewController.swift; sourceTree = "<group>"; };
		E2D81DCB28CD103B00B67406 /* Base */ = {isa = PBXFileReference; lastKnownFileType = file.storyboard; name = Base; path = Base.lproj/Main.storyboard; sourceTree = "<group>"; };
		E2D81DCD28CD103C00B67406 /* Assets.xcassets */ = {isa = PBXFileReference; lastKnownFileType = folder.assetcatalog; path = Assets.xcassets; sourceTree = "<group>"; };
		E2D81DD028CD103C00B67406 /* Base */ = {isa = PBXFileReference; lastKnownFileType = file.storyboard; name = Base; path = Base.lproj/LaunchScreen.storyboard; sourceTree = "<group>"; };
		E2D81DD228CD103C00B67406 /* Info.plist */ = {isa = PBXFileReference; lastKnownFileType = text.plist.xml; path = Info.plist; sourceTree = "<group>"; };
		E2D81DD728CD103C00B67406 /* zzinmunicationTests.xctest */ = {isa = PBXFileReference; explicitFileType = wrapper.cfbundle; includeInIndex = 0; path = zzinmunicationTests.xctest; sourceTree = BUILT_PRODUCTS_DIR; };
		E2D81DDB28CD103C00B67406 /* zzinmunicationTests.swift */ = {isa = PBXFileReference; lastKnownFileType = sourcecode.swift; path = zzinmunicationTests.swift; sourceTree = "<group>"; };
		E2D81DE128CD103C00B67406 /* zzinmunicationUITests.xctest */ = {isa = PBXFileReference; explicitFileType = wrapper.cfbundle; includeInIndex = 0; path = zzinmunicationUITests.xctest; sourceTree = BUILT_PRODUCTS_DIR; };
		E2D81DE528CD103C00B67406 /* zzinmunicationUITests.swift */ = {isa = PBXFileReference; lastKnownFileType = sourcecode.swift; path = zzinmunicationUITests.swift; sourceTree = "<group>"; };
		E2D81DE728CD103C00B67406 /* zzinmunicationUITestsLaunchTests.swift */ = {isa = PBXFileReference; lastKnownFileType = sourcecode.swift; path = zzinmunicationUITestsLaunchTests.swift; sourceTree = "<group>"; };
/* End PBXFileReference section */

/* Begin PBXFrameworksBuildPhase section */
		E2D81DBE28CD103B00B67406 /* Frameworks */ = {
			isa = PBXFrameworksBuildPhase;
			buildActionMask = 2147483647;
			files = (
			);
			runOnlyForDeploymentPostprocessing = 0;
		};
		E2D81DD428CD103C00B67406 /* Frameworks */ = {
			isa = PBXFrameworksBuildPhase;
			buildActionMask = 2147483647;
			files = (
			);
			runOnlyForDeploymentPostprocessing = 0;
		};
		E2D81DDE28CD103C00B67406 /* Frameworks */ = {
			isa = PBXFrameworksBuildPhase;
			buildActionMask = 2147483647;
			files = (
			);
			runOnlyForDeploymentPostprocessing = 0;
		};
/* End PBXFrameworksBuildPhase section */

/* Begin PBXGroup section */
		E2D81DB828CD103B00B67406 = {
			isa = PBXGroup;
			children = (
				E2D81DC328CD103B00B67406 /* zzinmunication */,
				E2D81DDA28CD103C00B67406 /* zzinmunicationTests */,
				E2D81DE428CD103C00B67406 /* zzinmunicationUITests */,
				E2D81DC228CD103B00B67406 /* Products */,
			);
			sourceTree = "<group>";
		};
		E2D81DC228CD103B00B67406 /* Products */ = {
			isa = PBXGroup;
			children = (
				E2D81DC128CD103B00B67406 /* zzinmunication.app */,
				E2D81DD728CD103C00B67406 /* zzinmunicationTests.xctest */,
				E2D81DE128CD103C00B67406 /* zzinmunicationUITests.xctest */,
			);
			name = Products;
			sourceTree = "<group>";
		};
		E2D81DC328CD103B00B67406 /* zzinmunication */ = {
			isa = PBXGroup;
			children = (
				E2D81DC428CD103B00B67406 /* AppDelegate.swift */,
				E2D81DC628CD103B00B67406 /* SceneDelegate.swift */,
				E2D81DC828CD103B00B67406 /* ViewController.swift */,
				E2D81DCA28CD103B00B67406 /* Main.storyboard */,
				E2D81DCD28CD103C00B67406 /* Assets.xcassets */,
				E2D81DCF28CD103C00B67406 /* LaunchScreen.storyboard */,
				E2D81DD228CD103C00B67406 /* Info.plist */,
			);
			path = zzinmunication;
			sourceTree = "<group>";
		};
		E2D81DDA28CD103C00B67406 /* zzinmunicationTests */ = {
			isa = PBXGroup;
			children = (
				E2D81DDB28CD103C00B67406 /* zzinmunicationTests.swift */,
			);
			path = zzinmunicationTests;
			sourceTree = "<group>";
		};
		E2D81DE428CD103C00B67406 /* zzinmunicationUITests */ = {
			isa = PBXGroup;
			children = (
				E2D81DE528CD103C00B67406 /* zzinmunicationUITests.swift */,
				E2D81DE728CD103C00B67406 /* zzinmunicationUITestsLaunchTests.swift */,
			);
			path = zzinmunicationUITests;
			sourceTree = "<group>";
		};
/* End PBXGroup section */

/* Begin PBXNativeTarget section */
		E2D81DC028CD103B00B67406 /* zzinmunication */ = {
			isa = PBXNativeTarget;
			buildConfigurationList = E2D81DEB28CD103C00B67406 /* Build configuration list for PBXNativeTarget "zzinmunication" */;
			buildPhases = (
				E2D81DBD28CD103B00B67406 /* Sources */,
				E2D81DBE28CD103B00B67406 /* Frameworks */,
				E2D81DBF28CD103B00B67406 /* Resources */,
			);
			buildRules = (
			);
			dependencies = (
			);
			name = zzinmunication;
			productName = zzinmunication;
			productReference = E2D81DC128CD103B00B67406 /* zzinmunication.app */;
			productType = "com.apple.product-type.application";
		};
		E2D81DD628CD103C00B67406 /* zzinmunicationTests */ = {
			isa = PBXNativeTarget;
			buildConfigurationList = E2D81DEE28CD103C00B67406 /* Build configuration list for PBXNativeTarget "zzinmunicationTests" */;
			buildPhases = (
				E2D81DD328CD103C00B67406 /* Sources */,
				E2D81DD428CD103C00B67406 /* Frameworks */,
				E2D81DD528CD103C00B67406 /* Resources */,
			);
			buildRules = (
			);
			dependencies = (
				E2D81DD928CD103C00B67406 /* PBXTargetDependency */,
			);
			name = zzinmunicationTests;
			productName = zzinmunicationTests;
			productReference = E2D81DD728CD103C00B67406 /* zzinmunicationTests.xctest */;
			productType = "com.apple.product-type.bundle.unit-test";
		};
		E2D81DE028CD103C00B67406 /* zzinmunicationUITests */ = {
			isa = PBXNativeTarget;
			buildConfigurationList = E2D81DF128CD103C00B67406 /* Build configuration list for PBXNativeTarget "zzinmunicationUITests" */;
			buildPhases = (
				E2D81DDD28CD103C00B67406 /* Sources */,
				E2D81DDE28CD103C00B67406 /* Frameworks */,
				E2D81DDF28CD103C00B67406 /* Resources */,
			);
			buildRules = (
			);
			dependencies = (
				E2D81DE328CD103C00B67406 /* PBXTargetDependency */,
			);
			name = zzinmunicationUITests;
			productName = zzinmunicationUITests;
			productReference = E2D81DE128CD103C00B67406 /* zzinmunicationUITests.xctest */;
			productType = "com.apple.product-type.bundle.ui-testing";
		};
/* End PBXNativeTarget section */

/* Begin PBXProject section */
		E2D81DB928CD103B00B67406 /* Project object */ = {
			isa = PBXProject;
			attributes = {
				BuildIndependentTargetsInParallel = 1;
				LastSwiftUpdateCheck = 1340;
				LastUpgradeCheck = 1340;
				TargetAttributes = {
					E2D81DC028CD103B00B67406 = {
						CreatedOnToolsVersion = 13.4;
					};
					E2D81DD628CD103C00B67406 = {
						CreatedOnToolsVersion = 13.4;
						TestTargetID = E2D81DC028CD103B00B67406;
					};
					E2D81DE028CD103C00B67406 = {
						CreatedOnToolsVersion = 13.4;
						TestTargetID = E2D81DC028CD103B00B67406;
					};
				};
			};
			buildConfigurationList = E2D81DBC28CD103B00B67406 /* Build configuration list for PBXProject "zzinmunication" */;
			compatibilityVersion = "Xcode 13.0";
			developmentRegion = en;
			hasScannedForEncodings = 0;
			knownRegions = (
				en,
				Base,
			);
			mainGroup = E2D81DB828CD103B00B67406;
			productRefGroup = E2D81DC228CD103B00B67406 /* Products */;
			projectDirPath = "";
			projectRoot = "";
			targets = (
				E2D81DC028CD103B00B67406 /* zzinmunication */,
				E2D81DD628CD103C00B67406 /* zzinmunicationTests */,
				E2D81DE028CD103C00B67406 /* zzinmunicationUITests */,
			);
		};
/* End PBXProject section */

/* Begin PBXResourcesBuildPhase section */
		E2D81DBF28CD103B00B67406 /* Resources */ = {
			isa = PBXResourcesBuildPhase;
			buildActionMask = 2147483647;
			files = (
				E2D81DD128CD103C00B67406 /* LaunchScreen.storyboard in Resources */,
				E2D81DCE28CD103C00B67406 /* Assets.xcassets in Resources */,
				E2D81DCC28CD103B00B67406 /* Main.storyboard in Resources */,
			);
			runOnlyForDeploymentPostprocessing = 0;
		};
		E2D81DD528CD103C00B67406 /* Resources */ = {
			isa = PBXResourcesBuildPhase;
			buildActionMask = 2147483647;
			files = (
			);
			runOnlyForDeploymentPostprocessing = 0;
		};
		E2D81DDF28CD103C00B67406 /* Resources */ = {
			isa = PBXResourcesBuildPhase;
			buildActionMask = 2147483647;
			files = (
			);
			runOnlyForDeploymentPostprocessing = 0;
		};
/* End PBXResourcesBuildPhase section */

/* Begin PBXSourcesBuildPhase section */
		E2D81DBD28CD103B00B67406 /* Sources */ = {
			isa = PBXSourcesBuildPhase;
			buildActionMask = 2147483647;
			files = (
				E2D81DC928CD103B00B67406 /* ViewController.swift in Sources */,
				E2D81DC528CD103B00B67406 /* AppDelegate.swift in Sources */,
				E2D81DC728CD103B00B67406 /* SceneDelegate.swift in Sources */,
			);
			runOnlyForDeploymentPostprocessing = 0;
		};
		E2D81DD328CD103C00B67406 /* Sources */ = {
			isa = PBXSourcesBuildPhase;
			buildActionMask = 2147483647;
			files = (
				E2D81DDC28CD103C00B67406 /* zzinmunicationTests.swift in Sources */,
			);
			runOnlyForDeploymentPostprocessing = 0;
		};
		E2D81DDD28CD103C00B67406 /* Sources */ = {
			isa = PBXSourcesBuildPhase;
			buildActionMask = 2147483647;
			files = (
				E2D81DE828CD103C00B67406 /* zzinmunicationUITestsLaunchTests.swift in Sources */,
				E2D81DE628CD103C00B67406 /* zzinmunicationUITests.swift in Sources */,
			);
			runOnlyForDeploymentPostprocessing = 0;
		};
/* End PBXSourcesBuildPhase section */

/* Begin PBXTargetDependency section */
		E2D81DD928CD103C00B67406 /* PBXTargetDependency */ = {
			isa = PBXTargetDependency;
			target = E2D81DC028CD103B00B67406 /* zzinmunication */;
			targetProxy = E2D81DD828CD103C00B67406 /* PBXContainerItemProxy */;
		};
		E2D81DE328CD103C00B67406 /* PBXTargetDependency */ = {
			isa = PBXTargetDependency;
			target = E2D81DC028CD103B00B67406 /* zzinmunication */;
			targetProxy = E2D81DE228CD103C00B67406 /* PBXContainerItemProxy */;
		};
/* End PBXTargetDependency section */

/* Begin PBXVariantGroup section */
		E2D81DCA28CD103B00B67406 /* Main.storyboard */ = {
			isa = PBXVariantGroup;
			children = (
				E2D81DCB28CD103B00B67406 /* Base */,
			);
			name = Main.storyboard;
			sourceTree = "<group>";
		};
		E2D81DCF28CD103C00B67406 /* LaunchScreen.storyboard */ = {
			isa = PBXVariantGroup;
			children = (
				E2D81DD028CD103C00B67406 /* Base */,
			);
			name = LaunchScreen.storyboard;
			sourceTree = "<group>";
		};
/* End PBXVariantGroup section */

/* Begin XCBuildConfiguration section */
		E2D81DE928CD103C00B67406 /* Debug */ = {
			isa = XCBuildConfiguration;
			buildSettings = {
				ALWAYS_SEARCH_USER_PATHS = NO;
				CLANG_ANALYZER_NONNULL = YES;
				CLANG_ANALYZER_NUMBER_OBJECT_CONVERSION = YES_AGGRESSIVE;
				CLANG_CXX_LANGUAGE_STANDARD = "gnu++17";
				CLANG_ENABLE_MODULES = YES;
				CLANG_ENABLE_OBJC_ARC = YES;
				CLANG_ENABLE_OBJC_WEAK = YES;
				CLANG_WARN_BLOCK_CAPTURE_AUTORELEASING = YES;
				CLANG_WARN_BOOL_CONVERSION = YES;
				CLANG_WARN_COMMA = YES;
				CLANG_WARN_CONSTANT_CONVERSION = YES;
				CLANG_WARN_DEPRECATED_OBJC_IMPLEMENTATIONS = YES;
				CLANG_WARN_DIRECT_OBJC_ISA_USAGE = YES_ERROR;
				CLANG_WARN_DOCUMENTATION_COMMENTS = YES;
				CLANG_WARN_EMPTY_BODY = YES;
				CLANG_WARN_ENUM_CONVERSION = YES;
				CLANG_WARN_INFINITE_RECURSION = YES;
				CLANG_WARN_INT_CONVERSION = YES;
				CLANG_WARN_NON_LITERAL_NULL_CONVERSION = YES;
				CLANG_WARN_OBJC_IMPLICIT_RETAIN_SELF = YES;
				CLANG_WARN_OBJC_LITERAL_CONVERSION = YES;
				CLANG_WARN_OBJC_ROOT_CLASS = YES_ERROR;
				CLANG_WARN_QUOTED_INCLUDE_IN_FRAMEWORK_HEADER = YES;
				CLANG_WARN_RANGE_LOOP_ANALYSIS = YES;
				CLANG_WARN_STRICT_PROTOTYPES = YES;
				CLANG_WARN_SUSPICIOUS_MOVE = YES;
				CLANG_WARN_UNGUARDED_AVAILABILITY = YES_AGGRESSIVE;
				CLANG_WARN_UNREACHABLE_CODE = YES;
				CLANG_WARN__DUPLICATE_METHOD_MATCH = YES;
				COPY_PHASE_STRIP = NO;
				DEBUG_INFORMATION_FORMAT = dwarf;
				ENABLE_STRICT_OBJC_MSGSEND = YES;
				ENABLE_TESTABILITY = YES;
				GCC_C_LANGUAGE_STANDARD = gnu11;
				GCC_DYNAMIC_NO_PIC = NO;
				GCC_NO_COMMON_BLOCKS = YES;
				GCC_OPTIMIZATION_LEVEL = 0;
				GCC_PREPROCESSOR_DEFINITIONS = (
					"DEBUG=1",
					"$(inherited)",
				);
				GCC_WARN_64_TO_32_BIT_CONVERSION = YES;
				GCC_WARN_ABOUT_RETURN_TYPE = YES_ERROR;
				GCC_WARN_UNDECLARED_SELECTOR = YES;
				GCC_WARN_UNINITIALIZED_AUTOS = YES_AGGRESSIVE;
				GCC_WARN_UNUSED_FUNCTION = YES;
				GCC_WARN_UNUSED_VARIABLE = YES;
				IPHONEOS_DEPLOYMENT_TARGET = 15.5;
				MTL_ENABLE_DEBUG_INFO = INCLUDE_SOURCE;
				MTL_FAST_MATH = YES;
				ONLY_ACTIVE_ARCH = YES;
				SDKROOT = iphoneos;
				SWIFT_ACTIVE_COMPILATION_CONDITIONS = DEBUG;
				SWIFT_OPTIMIZATION_LEVEL = "-Onone";
			};
			name = Debug;
		};
		E2D81DEA28CD103C00B67406 /* Release */ = {
			isa = XCBuildConfiguration;
			buildSettings = {
				ALWAYS_SEARCH_USER_PATHS = NO;
				CLANG_ANALYZER_NONNULL = YES;
				CLANG_ANALYZER_NUMBER_OBJECT_CONVERSION = YES_AGGRESSIVE;
				CLANG_CXX_LANGUAGE_STANDARD = "gnu++17";
				CLANG_ENABLE_MODULES = YES;
				CLANG_ENABLE_OBJC_ARC = YES;
				CLANG_ENABLE_OBJC_WEAK = YES;
				CLANG_WARN_BLOCK_CAPTURE_AUTORELEASING = YES;
				CLANG_WARN_BOOL_CONVERSION = YES;
				CLANG_WARN_COMMA = YES;
				CLANG_WARN_CONSTANT_CONVERSION = YES;
				CLANG_WARN_DEPRECATED_OBJC_IMPLEMENTATIONS = YES;
				CLANG_WARN_DIRECT_OBJC_ISA_USAGE = YES_ERROR;
				CLANG_WARN_DOCUMENTATION_COMMENTS = YES;
				CLANG_WARN_EMPTY_BODY = YES;
				CLANG_WARN_ENUM_CONVERSION = YES;
				CLANG_WARN_INFINITE_RECURSION = YES;
				CLANG_WARN_INT_CONVERSION = YES;
				CLANG_WARN_NON_LITERAL_NULL_CONVERSION = YES;
				CLANG_WARN_OBJC_IMPLICIT_RETAIN_SELF = YES;
				CLANG_WARN_OBJC_LITERAL_CONVERSION = YES;
				CLANG_WARN_OBJC_ROOT_CLASS = YES_ERROR;
				CLANG_WARN_QUOTED_INCLUDE_IN_FRAMEWORK_HEADER = YES;
				CLANG_WARN_RANGE_LOOP_ANALYSIS = YES;
				CLANG_WARN_STRICT_PROTOTYPES = YES;
				CLANG_WARN_SUSPICIOUS_MOVE = YES;
				CLANG_WARN_UNGUARDED_AVAILABILITY = YES_AGGRESSIVE;
				CLANG_WARN_UNREACHABLE_CODE = YES;
				CLANG_WARN__DUPLICATE_METHOD_MATCH = YES;
				COPY_PHASE_STRIP = NO;
				DEBUG_INFORMATION_FORMAT = "dwarf-with-dsym";
				ENABLE_NS_ASSERTIONS = NO;
				ENABLE_STRICT_OBJC_MSGSEND = YES;
				GCC_C_LANGUAGE_STANDARD = gnu11;
				GCC_NO_COMMON_BLOCKS = YES;
				GCC_WARN_64_TO_32_BIT_CONVERSION = YES;
				GCC_WARN_ABOUT_RETURN_TYPE = YES_ERROR;
				GCC_WARN_UNDECLARED_SELECTOR = YES;
				GCC_WARN_UNINITIALIZED_AUTOS = YES_AGGRESSIVE;
				GCC_WARN_UNUSED_FUNCTION = YES;
				GCC_WARN_UNUSED_VARIABLE = YES;
				IPHONEOS_DEPLOYMENT_TARGET = 15.5;
				MTL_ENABLE_DEBUG_INFO = NO;
				MTL_FAST_MATH = YES;
				SDKROOT = iphoneos;
				SWIFT_COMPILATION_MODE = wholemodule;
				SWIFT_OPTIMIZATION_LEVEL = "-O";
				VALIDATE_PRODUCT = YES;
			};
			name = Release;
		};
		E2D81DEC28CD103C00B67406 /* Debug */ = {
			isa = XCBuildConfiguration;
			buildSettings = {
				ASSETCATALOG_COMPILER_APPICON_NAME = AppIcon;
				ASSETCATALOG_COMPILER_GLOBAL_ACCENT_COLOR_NAME = AccentColor;
				CODE_SIGN_STYLE = Automatic;
				CURRENT_PROJECT_VERSION = 1;
				GENERATE_INFOPLIST_FILE = YES;
				INFOPLIST_FILE = zzinmunication/Info.plist;
				INFOPLIST_KEY_UIApplicationSupportsIndirectInputEvents = YES;
				INFOPLIST_KEY_UILaunchStoryboardName = LaunchScreen;
				INFOPLIST_KEY_UIMainStoryboardFile = Main;
				INFOPLIST_KEY_UISupportedInterfaceOrientations_iPad = "UIInterfaceOrientationPortrait UIInterfaceOrientationPortraitUpsideDown UIInterfaceOrientationLandscapeLeft UIInterfaceOrientationLandscapeRight";
				INFOPLIST_KEY_UISupportedInterfaceOrientations_iPhone = "UIInterfaceOrientationPortrait UIInterfaceOrientationLandscapeLeft UIInterfaceOrientationLandscapeRight";
				LD_RUNPATH_SEARCH_PATHS = (
					"$(inherited)",
					"@executable_path/Frameworks",
				);
				MARKETING_VERSION = 1.0;
				PRODUCT_BUNDLE_IDENTIFIER = com.yeonduing.zzinmunication;
				PRODUCT_NAME = "$(TARGET_NAME)";
				SWIFT_EMIT_LOC_STRINGS = YES;
				SWIFT_VERSION = 5.0;
				TARGETED_DEVICE_FAMILY = "1,2";
			};
			name = Debug;
		};
		E2D81DED28CD103C00B67406 /* Release */ = {
			isa = XCBuildConfiguration;
			buildSettings = {
				ASSETCATALOG_COMPILER_APPICON_NAME = AppIcon;
				ASSETCATALOG_COMPILER_GLOBAL_ACCENT_COLOR_NAME = AccentColor;
				CODE_SIGN_STYLE = Automatic;
				CURRENT_PROJECT_VERSION = 1;
				GENERATE_INFOPLIST_FILE = YES;
				INFOPLIST_FILE = zzinmunication/Info.plist;
				INFOPLIST_KEY_UIApplicationSupportsIndirectInputEvents = YES;
				INFOPLIST_KEY_UILaunchStoryboardName = LaunchScreen;
				INFOPLIST_KEY_UIMainStoryboardFile = Main;
				INFOPLIST_KEY_UISupportedInterfaceOrientations_iPad = "UIInterfaceOrientationPortrait UIInterfaceOrientationPortraitUpsideDown UIInterfaceOrientationLandscapeLeft UIInterfaceOrientationLandscapeRight";
				INFOPLIST_KEY_UISupportedInterfaceOrientations_iPhone = "UIInterfaceOrientationPortrait UIInterfaceOrientationLandscapeLeft UIInterfaceOrientationLandscapeRight";
				LD_RUNPATH_SEARCH_PATHS = (
					"$(inherited)",
					"@executable_path/Frameworks",
				);
				MARKETING_VERSION = 1.0;
				PRODUCT_BUNDLE_IDENTIFIER = com.yeonduing.zzinmunication;
				PRODUCT_NAME = "$(TARGET_NAME)";
				SWIFT_EMIT_LOC_STRINGS = YES;
				SWIFT_VERSION = 5.0;
				TARGETED_DEVICE_FAMILY = "1,2";
			};
			name = Release;
		};
		E2D81DEF28CD103C00B67406 /* Debug */ = {
			isa = XCBuildConfiguration;
			buildSettings = {
				ALWAYS_EMBED_SWIFT_STANDARD_LIBRARIES = YES;
				BUNDLE_LOADER = "$(TEST_HOST)";
				CODE_SIGN_STYLE = Automatic;
				CURRENT_PROJECT_VERSION = 1;
				GENERATE_INFOPLIST_FILE = YES;
				IPHONEOS_DEPLOYMENT_TARGET = 15.5;
				MARKETING_VERSION = 1.0;
				PRODUCT_BUNDLE_IDENTIFIER = com.yeonduing.zzinmunicationTests;
				PRODUCT_NAME = "$(TARGET_NAME)";
				SWIFT_EMIT_LOC_STRINGS = NO;
				SWIFT_VERSION = 5.0;
				TARGETED_DEVICE_FAMILY = "1,2";
				TEST_HOST = "$(BUILT_PRODUCTS_DIR)/zzinmunication.app/zzinmunication";
			};
			name = Debug;
		};
		E2D81DF028CD103C00B67406 /* Release */ = {
			isa = XCBuildConfiguration;
			buildSettings = {
				ALWAYS_EMBED_SWIFT_STANDARD_LIBRARIES = YES;
				BUNDLE_LOADER = "$(TEST_HOST)";
				CODE_SIGN_STYLE = Automatic;
				CURRENT_PROJECT_VERSION = 1;
				GENERATE_INFOPLIST_FILE = YES;
				IPHONEOS_DEPLOYMENT_TARGET = 15.5;
				MARKETING_VERSION = 1.0;
				PRODUCT_BUNDLE_IDENTIFIER = com.yeonduing.zzinmunicationTests;
				PRODUCT_NAME = "$(TARGET_NAME)";
				SWIFT_EMIT_LOC_STRINGS = NO;
				SWIFT_VERSION = 5.0;
				TARGETED_DEVICE_FAMILY = "1,2";
				TEST_HOST = "$(BUILT_PRODUCTS_DIR)/zzinmunication.app/zzinmunication";
			};
			name = Release;
		};
		E2D81DF228CD103C00B67406 /* Debug */ = {
			isa = XCBuildConfiguration;
			buildSettings = {
				ALWAYS_EMBED_SWIFT_STANDARD_LIBRARIES = YES;
				CODE_SIGN_STYLE = Automatic;
				CURRENT_PROJECT_VERSION = 1;
				GENERATE_INFOPLIST_FILE = YES;
				MARKETING_VERSION = 1.0;
				PRODUCT_BUNDLE_IDENTIFIER = com.yeonduing.zzinmunicationUITests;
				PRODUCT_NAME = "$(TARGET_NAME)";
				SWIFT_EMIT_LOC_STRINGS = NO;
				SWIFT_VERSION = 5.0;
				TARGETED_DEVICE_FAMILY = "1,2";
				TEST_TARGET_NAME = zzinmunication;
			};
			name = Debug;
		};
		E2D81DF328CD103C00B67406 /* Release */ = {
			isa = XCBuildConfiguration;
			buildSettings = {
				ALWAYS_EMBED_SWIFT_STANDARD_LIBRARIES = YES;
				CODE_SIGN_STYLE = Automatic;
				CURRENT_PROJECT_VERSION = 1;
				GENERATE_INFOPLIST_FILE = YES;
				MARKETING_VERSION = 1.0;
				PRODUCT_BUNDLE_IDENTIFIER = com.yeonduing.zzinmunicationUITests;
				PRODUCT_NAME = "$(TARGET_NAME)";
				SWIFT_EMIT_LOC_STRINGS = NO;
				SWIFT_VERSION = 5.0;
				TARGETED_DEVICE_FAMILY = "1,2";
				TEST_TARGET_NAME = zzinmunication;
			};
			name = Release;
		};
/* End XCBuildConfiguration section */

/* Begin XCConfigurationList section */
		E2D81DBC28CD103B00B67406 /* Build configuration list for PBXProject "zzinmunication" */ = {
			isa = XCConfigurationList;
			buildConfigurations = (
				E2D81DE928CD103C00B67406 /* Debug */,
				E2D81DEA28CD103C00B67406 /* Release */,
			);
			defaultConfigurationIsVisible = 0;
			defaultConfigurationName = Release;
		};
		E2D81DEB28CD103C00B67406 /* Build configuration list for PBXNativeTarget "zzinmunication" */ = {
			isa = XCConfigurationList;
			buildConfigurations = (
				E2D81DEC28CD103C00B67406 /* Debug */,
				E2D81DED28CD103C00B67406 /* Release */,
			);
			defaultConfigurationIsVisible = 0;
			defaultConfigurationName = Release;
		};
		E2D81DEE28CD103C00B67406 /* Build configuration list for PBXNativeTarget "zzinmunicationTests" */ = {
			isa = XCConfigurationList;
			buildConfigurations = (
				E2D81DEF28CD103C00B67406 /* Debug */,
				E2D81DF028CD103C00B67406 /* Release */,
			);
			defaultConfigurationIsVisible = 0;
			defaultConfigurationName = Release;
		};
		E2D81DF128CD103C00B67406 /* Build configuration list for PBXNativeTarget "zzinmunicationUITests" */ = {
			isa = XCConfigurationList;
			buildConfigurations = (
				E2D81DF228CD103C00B67406 /* Debug */,
				E2D81DF328CD103C00B67406 /* Release */,
			);
			defaultConfigurationIsVisible = 0;
			defaultConfigurationName = Release;
		};
/* End XCConfigurationList section */
	};
	rootObject = E2D81DB928CD103B00B67406 /* Project object */;
}
